
Microsoft Visual Studio Solution File, Format Version 11.00
# Visual Studio 2010
Project("{FAE04EC0-301F-11D3-BF4B-00C04F79EFBC}") = "J2cxSilverlight", "J2cxSilverlight\J2cxSilverlight.csproj", "{13BD81F6-217C-4B50-8678-BEBD8C31E8DD}"
	ProjectSection(ProjectDependencies) = postProject
		{282D19B3-16BD-47F7-A559-698B74B79B57} = {282D19B3-16BD-47F7-A559-698B74B79B57}
	EndProjectSection
EndProject
Project("{FAE04EC0-301F-11D3-BF4B-00C04F79EFBC}") = "J2cxSilverlight.Web", "J2cxSilverlight.Web\J2cxSilverlight.Web.csproj", "{282D19B3-16BD-47F7-A559-698B74B79B57}"
EndProject
Global
	GlobalSection(SolutionConfigurationPlatforms) = preSolution
		Debug|Any CPU = Debug|Any CPU
		Release|Any CPU = Release|Any CPU
	EndGlobalSection
	GlobalSection(ProjectConfigurationPlatforms) = postSolution
		{13BD81F6-217C-4B50-8678-BEBD8C31E8DD}.Debug|Any CPU.ActiveCfg = Debug|Any CPU
		{13BD81F6-217C-4B50-8678-BEBD8C31E8DD}.Debug|Any CPU.Build.0 = Debug|Any CPU
		{13BD81F6-217C-4B50-8678-BEBD8C31E8DD}.Release|Any CPU.ActiveCfg = Release|Any CPU
		{13BD81F6-217C-4B50-8678-BEBD8C31E8DD}.Release|Any CPU.Build.0 = Release|Any CPU
		{282D19B3-16BD-47F7-A559-698B74B79B57}.Debug|Any CPU.ActiveCfg = Debug|Any CPU
		{282D19B3-16BD-47F7-A559-698B74B79B57}.Debug|Any CPU.Build.0 = Debug|Any CPU
		{282D19B3-16BD-47F7-A559-698B74B79B57}.Release|Any CPU.ActiveCfg = Release|Any CPU
		{282D19B3-16BD-47F7-A559-698B74B79B57}.Release|Any CPU.Build.0 = Release|Any CPU
	EndGlobalSection
	GlobalSection(SolutionProperties) = preSolution
		HideSolutionNode = FALSE
	EndGlobalSection
EndGlobal
